
Microsoft Visual Studio Solution File, Format Version 12.00
# Visual Studio Version 17
VisualStudioVersion = 17.0.32112.339
MinimumVisualStudioVersion = 10.0.40219.1
Project("{FAE04EC0-301F-11D3-BF4B-00C04F79EFBC}") = "golfGame", "golfGame\golfGame.csproj", "{BDDAD37E-21FE-4BAF-BF02-6837FDC57370}"
EndProject
Global
	GlobalSection(SolutionConfigurationPlatforms) = preSolution
		Debug|Any CPU = Debug|Any CPU
		Release|Any CPU = Release|Any CPU
	EndGlobalSection
	GlobalSection(ProjectConfigurationPlatforms) = postSolution
		{BDDAD37E-21FE-4BAF-BF02-6837FDC57370}.Debug|Any CPU.ActiveCfg = Debug|Any CPU
		{BDDAD37E-21FE-4BAF-BF02-6837FDC57370}.Debug|Any CPU.Build.0 = Debug|Any CPU
		{BDDAD37E-21FE-4BAF-BF02-6837FDC57370}.Release|Any CPU.ActiveCfg = Release|Any CPU
		{BDDAD37E-21FE-4BAF-BF02-6837FDC57370}.Release|Any CPU.Build.0 = Release|Any CPU
	EndGlobalSection
	GlobalSection(SolutionProperties) = preSolution
		HideSolutionNode = FALSE
	EndGlobalSection
	GlobalSection(ExtensibilityGlobals) = postSolution
		SolutionGuid = {0045C86F-7EB1-4C59-8489-71A5B7889BDB}
	EndGlobalSection
EndGlobal
